
Microsoft Visual Studio Solution File, Format Version 12.00
# Visual Studio 15
VisualStudioVersion = 15.0.28010.2026
MinimumVisualStudioVersion = 10.0.40219.1
Project("{FAE04EC0-301F-11D3-BF4B-00C04F79EFBC}") = "SmartMenuLibrary", "SmartMenuLibrary\SmartMenuLibrary.csproj", "{A044E8C0-9DD2-4F3B-9CF2-CE3D2288A4AF}"
EndProject
Global
	GlobalSection(SolutionConfigurationPlatforms) = preSolution
		Debug|Any CPU = Debug|Any CPU
		Release|Any CPU = Release|Any CPU
	EndGlobalSection
	GlobalSection(ProjectConfigurationPlatforms) = postSolution
		{A044E8C0-9DD2-4F3B-9CF2-CE3D2288A4AF}.Debug|Any CPU.ActiveCfg = Debug|Any CPU
		{A044E8C0-9DD2-4F3B-9CF2-CE3D2288A4AF}.Debug|Any CPU.Build.0 = Debug|Any CPU
		{A044E8C0-9DD2-4F3B-9CF2-CE3D2288A4AF}.Release|Any CPU.ActiveCfg = Release|Any CPU
		{A044E8C0-9DD2-4F3B-9CF2-CE3D2288A4AF}.Release|Any CPU.Build.0 = Release|Any CPU
	EndGlobalSection
	GlobalSection(SolutionProperties) = preSolution
		HideSolutionNode = FALSE
	EndGlobalSection
	GlobalSection(ExtensibilityGlobals) = postSolution
		SolutionGuid = {0422146A-4802-4E5E-B847-844762A3C6EA}
	EndGlobalSection
EndGlobal
